<Solution>
  <Folder Name="/src/">
    <Project Path="H:/code/IOT/WCS ENG/src/Wcs.Application/Wcs.Application.csproj" />
    <Project Path="H:/code/IOT/WCS ENG/src/Wcs.Core/Wcs.Core.csproj" />
    <Project Path="H:/code/IOT/WCS ENG/src/Wcs.Desktop/Wcs.Desktop.csproj" />
    <Project Path="H:/code/IOT/WCS ENG/src/Wcs.Host/Wcs.Host.csproj" />
    <Project Path="H:/code/IOT/WCS ENG/src/Wcs.Infrastructure/Wcs.Infrastructure.csproj" />
    <Project Path="H:/code/IOT/WCS ENG/src/Wcs.Simulator/Wcs.Simulator.csproj" />
    <Project Path="H:/code/IOT/WCS ENG/src/Wcs.Service/Wcs.Service.csproj"  />
    <Project Path="H:/code/IOT/WCS ENG/src/Wcs.Entity/Wcs.Entity.csproj"  />
  </Folder>
</Solution>
